
Microsoft Visual Studio Solution File, Format Version 12.00
# Visual Studio Version 17
VisualStudioVersion = 17.6.33829.357
MinimumVisualStudioVersion = 10.0.40219.1
Project("{FAE04EC0-301F-11D3-BF4B-00C04F79EFBC}") = "TicTacToe", "TicTacToe.csproj", "{36B4D1C0-E1FD-4D8C-820C-FE6EBDD97AF2}"
EndProject
Global
	GlobalSection(SolutionConfigurationPlatforms) = preSolution
		Debug|Any CPU = Debug|Any CPU
		Release|Any CPU = Release|Any CPU
	EndGlobalSection
	GlobalSection(ProjectConfigurationPlatforms) = postSolution
		{36B4D1C0-E1FD-4D8C-820C-FE6EBDD97AF2}.Debug|Any CPU.ActiveCfg = Debug|Any CPU
		{36B4D1C0-E1FD-4D8C-820C-FE6EBDD97AF2}.Debug|Any CPU.Build.0 = Debug|Any CPU
		{36B4D1C0-E1FD-4D8C-820C-FE6EBDD97AF2}.Release|Any CPU.ActiveCfg = Release|Any CPU
		{36B4D1C0-E1FD-4D8C-820C-FE6EBDD97AF2}.Release|Any CPU.Build.0 = Release|Any CPU
	EndGlobalSection
	GlobalSection(SolutionProperties) = preSolution
		HideSolutionNode = FALSE
	EndGlobalSection
	GlobalSection(ExtensibilityGlobals) = postSolution
		SolutionGuid = {6D929C79-00BC-46B2-A4E9-AA1996551742}
	EndGlobalSection
EndGlobal
